
Microsoft Visual Studio Solution File, Format Version 12.00
# Visual Studio Version 17
VisualStudioVersion = 17.5.33424.131
MinimumVisualStudioVersion = 10.0.40219.1
Project("{FAE04EC0-301F-11D3-BF4B-00C04F79EFBC}") = "Laboratorio #14", "Laboratorio #14.csproj", "{5ADAD20D-1FDF-409A-9603-90E0C0CE07B9}"
EndProject
Global
	GlobalSection(SolutionConfigurationPlatforms) = preSolution
		Debug|Any CPU = Debug|Any CPU
		Release|Any CPU = Release|Any CPU
	EndGlobalSection
	GlobalSection(ProjectConfigurationPlatforms) = postSolution
		{5ADAD20D-1FDF-409A-9603-90E0C0CE07B9}.Debug|Any CPU.ActiveCfg = Debug|Any CPU
		{5ADAD20D-1FDF-409A-9603-90E0C0CE07B9}.Debug|Any CPU.Build.0 = Debug|Any CPU
		{5ADAD20D-1FDF-409A-9603-90E0C0CE07B9}.Release|Any CPU.ActiveCfg = Release|Any CPU
		{5ADAD20D-1FDF-409A-9603-90E0C0CE07B9}.Release|Any CPU.Build.0 = Release|Any CPU
	EndGlobalSection
	GlobalSection(SolutionProperties) = preSolution
		HideSolutionNode = FALSE
	EndGlobalSection
	GlobalSection(ExtensibilityGlobals) = postSolution
		SolutionGuid = {3872CCCC-C20A-4292-8CD7-AE9B99112F28}
	EndGlobalSection
EndGlobal
